{
  "name": "miniprograms",
  "version": "1.0.0",
  "lockfileVersion": 1,
  "requires": true,
  "dependencies": {
    "crypto-js": {
      "version": "3.1.9-1",
      "resolved": "https://registry.npmjs.org/crypto-js/-/crypto-js-3.1.9-1.tgz",
      "integrity": "sha1-/aGedh/Ad+Af+/3G6f38WeiAbNg="
    },
    "vant-weapp": {
      "version": "0.5.16",
      "resolved": "https://registry.npmjs.org/vant-weapp/-/vant-weapp-0.5.16.tgz",
      "integrity": "sha512-SH1uOVksz/7atX4Cil3+emOGfESXvrUcD0mWSU+8OMou9iJHi+p1OZ8o2/cRbgHT/ATWLG4xbLy5FVXwXduxrg=="
    }
  }
}
