{
  "name": "miniprograms",
  "version": "1.0.0",
  "lockfileVersion": 1,
  "requires": true,
  "dependencies": {
    "crypto-js": {
      "version": "3.2.1",
      "resolved": "https://registry.npmjs.org/crypto-js/-/crypto-js-3.2.1.tgz",
      "integrity": "sha512-fIEXOyiXnmPbPk2+q8t97VYDSo8naqvI+2v0AJeLraQzhuL/GZ2qgcRpEadVQ7r8pXwBOHVjwOdyAXYYb3DWiQ=="
    },
    "vant-weapp": {
      "version": "0.5.16",
      "resolved": "https://registry.npmjs.org/vant-weapp/-/vant-weapp-0.5.16.tgz",
      "integrity": "sha512-SH1uOVksz/7atX4Cil3+emOGfESXvrUcD0mWSU+8OMou9iJHi+p1OZ8o2/cRbgHT/ATWLG4xbLy5FVXwXduxrg=="
    }
  }
}
